
Microsoft Visual Studio Solution File, Format Version 12.00
# Visual Studio 15
VisualStudioVersion = 15.0.27428.2015
MinimumVisualStudioVersion = 10.0.40219.1
Project("{FAE04EC0-301F-11D3-BF4B-00C04F79EFBC}") = "MineSweeper", "Application\MineSweeper.csproj", "{BACAF4C4-FDCC-4B04-8DF4-C1D3A482BA84}"
EndProject
Project("{FAE04EC0-301F-11D3-BF4B-00C04F79EFBC}") = "MineSweeper.DL", "MineSweeper.DL\MineSweeper.DL.csproj", "{E171CAF7-BF2A-4E43-8824-488911E0CF5E}"
EndProject
Project("{FAE04EC0-301F-11D3-BF4B-00C04F79EFBC}") = "MineSweeper.Classes", "MineSweeper.Classes\MineSweeper.Classes.csproj", "{F212FF2C-6327-4C2A-A519-F0F04BFD6C39}"
EndProject
Project("{FAE04EC0-301F-11D3-BF4B-00C04F79EFBC}") = "MineSweeper.Services", "MineSweeper.Services\MineSweeper.Services.csproj", "{619D0782-8A50-4230-A5D4-9FDC68565F06}"
EndProject
Global
	GlobalSection(SolutionConfigurationPlatforms) = preSolution
		Debug|Any CPU = Debug|Any CPU
		Release|Any CPU = Release|Any CPU
	EndGlobalSection
	GlobalSection(ProjectConfigurationPlatforms) = postSolution
		{BACAF4C4-FDCC-4B04-8DF4-C1D3A482BA84}.Debug|Any CPU.ActiveCfg = Debug|Any CPU
		{BACAF4C4-FDCC-4B04-8DF4-C1D3A482BA84}.Debug|Any CPU.Build.0 = Debug|Any CPU
		{BACAF4C4-FDCC-4B04-8DF4-C1D3A482BA84}.Release|Any CPU.ActiveCfg = Release|Any CPU
		{BACAF4C4-FDCC-4B04-8DF4-C1D3A482BA84}.Release|Any CPU.Build.0 = Release|Any CPU
		{E171CAF7-BF2A-4E43-8824-488911E0CF5E}.Debug|Any CPU.ActiveCfg = Debug|Any CPU
		{E171CAF7-BF2A-4E43-8824-488911E0CF5E}.Debug|Any CPU.Build.0 = Debug|Any CPU
		{E171CAF7-BF2A-4E43-8824-488911E0CF5E}.Release|Any CPU.ActiveCfg = Release|Any CPU
		{E171CAF7-BF2A-4E43-8824-488911E0CF5E}.Release|Any CPU.Build.0 = Release|Any CPU
		{F212FF2C-6327-4C2A-A519-F0F04BFD6C39}.Debug|Any CPU.ActiveCfg = Debug|Any CPU
		{F212FF2C-6327-4C2A-A519-F0F04BFD6C39}.Debug|Any CPU.Build.0 = Debug|Any CPU
		{F212FF2C-6327-4C2A-A519-F0F04BFD6C39}.Release|Any CPU.ActiveCfg = Release|Any CPU
		{F212FF2C-6327-4C2A-A519-F0F04BFD6C39}.Release|Any CPU.Build.0 = Release|Any CPU
		{619D0782-8A50-4230-A5D4-9FDC68565F06}.Debug|Any CPU.ActiveCfg = Debug|Any CPU
		{619D0782-8A50-4230-A5D4-9FDC68565F06}.Debug|Any CPU.Build.0 = Debug|Any CPU
		{619D0782-8A50-4230-A5D4-9FDC68565F06}.Release|Any CPU.ActiveCfg = Release|Any CPU
		{619D0782-8A50-4230-A5D4-9FDC68565F06}.Release|Any CPU.Build.0 = Release|Any CPU
	EndGlobalSection
	GlobalSection(SolutionProperties) = preSolution
		HideSolutionNode = FALSE
	EndGlobalSection
	GlobalSection(ExtensibilityGlobals) = postSolution
		SolutionGuid = {7BD1D229-D43D-4529-B348-BBFF862C5CAE}
	EndGlobalSection
EndGlobal
